
Microsoft Visual Studio Solution File, Format Version 12.00
# Visual Studio Version 16
VisualStudioVersion = 16.0.30907.101
MinimumVisualStudioVersion = 10.0.40219.1
Project("{9A19103F-16F7-4668-BE54-9A1E7A4F7556}") = "DevIO.Business", "src\DevIO.Business\DevIO.Business.csproj", "{247EEB9B-FF3B-47F4-BA7E-03AC26677664}"
EndProject
Project("{9A19103F-16F7-4668-BE54-9A1E7A4F7556}") = "DevIO.Data", "src\DevIO.Data\DevIO.Data.csproj", "{A9FE4CC8-9FB8-4C52-BD81-37CF33BFB28C}"
EndProject
Project("{FAE04EC0-301F-11D3-BF4B-00C04F79EFBC}") = "DevIO.Api", "src\DevIO.Api\DevIO.Api.csproj", "{3F30C03C-92E3-4B05-8204-9D7A5A42CA6E}"
EndProject
Global
	GlobalSection(SolutionConfigurationPlatforms) = preSolution
		Debug|Any CPU = Debug|Any CPU
		Release|Any CPU = Release|Any CPU
	EndGlobalSection
	GlobalSection(ProjectConfigurationPlatforms) = postSolution
		{247EEB9B-FF3B-47F4-BA7E-03AC26677664}.Debug|Any CPU.ActiveCfg = Debug|Any CPU
		{247EEB9B-FF3B-47F4-BA7E-03AC26677664}.Debug|Any CPU.Build.0 = Debug|Any CPU
		{247EEB9B-FF3B-47F4-BA7E-03AC26677664}.Release|Any CPU.ActiveCfg = Release|Any CPU
		{247EEB9B-FF3B-47F4-BA7E-03AC26677664}.Release|Any CPU.Build.0 = Release|Any CPU
		{A9FE4CC8-9FB8-4C52-BD81-37CF33BFB28C}.Debug|Any CPU.ActiveCfg = Debug|Any CPU
		{A9FE4CC8-9FB8-4C52-BD81-37CF33BFB28C}.Debug|Any CPU.Build.0 = Debug|Any CPU
		{A9FE4CC8-9FB8-4C52-BD81-37CF33BFB28C}.Release|Any CPU.ActiveCfg = Release|Any CPU
		{A9FE4CC8-9FB8-4C52-BD81-37CF33BFB28C}.Release|Any CPU.Build.0 = Release|Any CPU
		{3F30C03C-92E3-4B05-8204-9D7A5A42CA6E}.Debug|Any CPU.ActiveCfg = Debug|Any CPU
		{3F30C03C-92E3-4B05-8204-9D7A5A42CA6E}.Debug|Any CPU.Build.0 = Debug|Any CPU
		{3F30C03C-92E3-4B05-8204-9D7A5A42CA6E}.Release|Any CPU.ActiveCfg = Release|Any CPU
		{3F30C03C-92E3-4B05-8204-9D7A5A42CA6E}.Release|Any CPU.Build.0 = Release|Any CPU
	EndGlobalSection
	GlobalSection(SolutionProperties) = preSolution
		HideSolutionNode = FALSE
	EndGlobalSection
	GlobalSection(ExtensibilityGlobals) = postSolution
		SolutionGuid = {7848B473-87BA-46CD-B415-FB44A4EDEBB8}
	EndGlobalSection
EndGlobal
